
Microsoft Visual Studio Solution File, Format Version 12.00
# Visual Studio Version 17
VisualStudioVersion = 17.4.33122.133
MinimumVisualStudioVersion = 10.0.40219.1
Project("{FAE04EC0-301F-11D3-BF4B-00C04F79EFBC}") = "Atividade4", "Atividade4\Atividade4.csproj", "{17EF42EF-744F-4A25-A40A-2A3FBC3425B5}"
EndProject
Global
	GlobalSection(SolutionConfigurationPlatforms) = preSolution
		Debug|Any CPU = Debug|Any CPU
		Release|Any CPU = Release|Any CPU
	EndGlobalSection
	GlobalSection(ProjectConfigurationPlatforms) = postSolution
		{17EF42EF-744F-4A25-A40A-2A3FBC3425B5}.Debug|Any CPU.ActiveCfg = Debug|Any CPU
		{17EF42EF-744F-4A25-A40A-2A3FBC3425B5}.Debug|Any CPU.Build.0 = Debug|Any CPU
		{17EF42EF-744F-4A25-A40A-2A3FBC3425B5}.Release|Any CPU.ActiveCfg = Release|Any CPU
		{17EF42EF-744F-4A25-A40A-2A3FBC3425B5}.Release|Any CPU.Build.0 = Release|Any CPU
	EndGlobalSection
	GlobalSection(SolutionProperties) = preSolution
		HideSolutionNode = FALSE
	EndGlobalSection
	GlobalSection(ExtensibilityGlobals) = postSolution
		SolutionGuid = {EAC50D76-E9C5-4132-8F76-A11EFE646BD9}
	EndGlobalSection
EndGlobal
